// !$*UTF8*$!
{
	archiveVersion = 1;
	classes = {
	};
	objectVersion = 50;
	objects = {

/* Begin PBXBuildFile section */
		29065F542312351E00F53320 /* MemeTextFieldDelegate.swift in Sources */ = {isa = PBXBuildFile; fileRef = 29065F532312351E00F53320 /* MemeTextFieldDelegate.swift */; };
		29065F56231289DA00F53320 /* Assets.xcassets in Resources */ = {isa = PBXBuildFile; fileRef = 29065F55231289DA00F53320 /* Assets.xcassets */; };
		290C818A232E224C002C601C /* Meme.swift in Sources */ = {isa = PBXBuildFile; fileRef = 290C8189232E224C002C601C /* Meme.swift */; };
		290C818D232E24B7002C601C /* MemesOverviewViewController.swift in Sources */ = {isa = PBXBuildFile; fileRef = 290C818C232E24B7002C601C /* MemesOverviewViewController.swift */; };
		294C92D2230578FD0016B02B /* AppDelegate.swift in Sources */ = {isa = PBXBuildFile; fileRef = 294C92D1230578FD0016B02B /* AppDelegate.swift */; };
		294C92D4230578FD0016B02B /* ViewController.swift in Sources */ = {isa = PBXBuildFile; fileRef = 294C92D3230578FD0016B02B /* ViewController.swift */; };
		294C92D7230578FD0016B02B /* Main.storyboard in Resources */ = {isa = PBXBuildFile; fileRef = 294C92D5230578FD0016B02B /* Main.storyboard */; };
		2963D6DD232E427600864937 /* MemeCollectionViewController.swift in Sources */ = {isa = PBXBuildFile; fileRef = 2963D6DC232E427600864937 /* MemeCollectionViewController.swift */; };
		2963D6DF232E429F00864937 /* MemeTableViewController.swift in Sources */ = {isa = PBXBuildFile; fileRef = 2963D6DE232E429F00864937 /* MemeTableViewController.swift */; };
		2963D6E1232E45C900864937 /* MemeCollectionViewCell.swift in Sources */ = {isa = PBXBuildFile; fileRef = 2963D6E0232E45C900864937 /* MemeCollectionViewCell.swift */; };
		2963D6E3232E4A6E00864937 /* MemeNavigationViewController.swift in Sources */ = {isa = PBXBuildFile; fileRef = 2963D6E2232E4A6D00864937 /* MemeNavigationViewController.swift */; };
		2963D6E72334CF1800864937 /* MemeDetailViewController.swift in Sources */ = {isa = PBXBuildFile; fileRef = 2963D6E62334CF1800864937 /* MemeDetailViewController.swift */; };
		29AD236C2356AFF000666EC5 /* MemeTableViewCell.swift in Sources */ = {isa = PBXBuildFile; fileRef = 29AD236B2356AFF000666EC5 /* MemeTableViewCell.swift */; };
/* End PBXBuildFile section */

/* Begin PBXFileReference section */
		29065F532312351E00F53320 /* MemeTextFieldDelegate.swift */ = {isa = PBXFileReference; lastKnownFileType = sourcecode.swift; path = MemeTextFieldDelegate.swift; sourceTree = "<group>"; };
		29065F55231289DA00F53320 /* Assets.xcassets */ = {isa = PBXFileReference; lastKnownFileType = folder.assetcatalog; path = Assets.xcassets; sourceTree = "<group>"; };
		290C8189232E224C002C601C /* Meme.swift */ = {isa = PBXFileReference; lastKnownFileType = sourcecode.swift; path = Meme.swift; sourceTree = "<group>"; };
		290C818C232E24B7002C601C /* MemesOverviewViewController.swift */ = {isa = PBXFileReference; lastKnownFileType = sourcecode.swift; path = MemesOverviewViewController.swift; sourceTree = "<group>"; };
		294C92CE230578FD0016B02B /* MemeMe.app */ = {isa = PBXFileReference; explicitFileType = wrapper.application; includeInIndex = 0; path = MemeMe.app; sourceTree = BUILT_PRODUCTS_DIR; };
		294C92D1230578FD0016B02B /* AppDelegate.swift */ = {isa = PBXFileReference; lastKnownFileType = sourcecode.swift; path = AppDelegate.swift; sourceTree = "<group>"; };
		294C92D3230578FD0016B02B /* ViewController.swift */ = {isa = PBXFileReference; lastKnownFileType = sourcecode.swift; path = ViewController.swift; sourceTree = "<group>"; };
		294C92D6230578FD0016B02B /* Base */ = {isa = PBXFileReference; lastKnownFileType = file.storyboard; name = Base; path = Base.lproj/Main.storyboard; sourceTree = "<group>"; };
		294C92DD230578FE0016B02B /* Info.plist */ = {isa = PBXFileReference; lastKnownFileType = text.plist.xml; path = Info.plist; sourceTree = "<group>"; };
		2963D6DC232E427600864937 /* MemeCollectionViewController.swift */ = {isa = PBXFileReference; lastKnownFileType = sourcecode.swift; path = MemeCollectionViewController.swift; sourceTree = "<group>"; };
		2963D6DE232E429F00864937 /* MemeTableViewController.swift */ = {isa = PBXFileReference; lastKnownFileType = sourcecode.swift; path = MemeTableViewController.swift; sourceTree = "<group>"; };
		2963D6E0232E45C900864937 /* MemeCollectionViewCell.swift */ = {isa = PBXFileReference; lastKnownFileType = sourcecode.swift; path = MemeCollectionViewCell.swift; sourceTree = "<group>"; };
		2963D6E2232E4A6D00864937 /* MemeNavigationViewController.swift */ = {isa = PBXFileReference; lastKnownFileType = sourcecode.swift; path = MemeNavigationViewController.swift; sourceTree = "<group>"; };
		2963D6E62334CF1800864937 /* MemeDetailViewController.swift */ = {isa = PBXFileReference; lastKnownFileType = sourcecode.swift; path = MemeDetailViewController.swift; sourceTree = "<group>"; };
		29AD236B2356AFF000666EC5 /* MemeTableViewCell.swift */ = {isa = PBXFileReference; lastKnownFileType = sourcecode.swift; path = MemeTableViewCell.swift; sourceTree = "<group>"; };
/* End PBXFileReference section */

/* Begin PBXFrameworksBuildPhase section */
		294C92CB230578FD0016B02B /* Frameworks */ = {
			isa = PBXFrameworksBuildPhase;
			buildActionMask = 2147483647;
			files = (
			);
			runOnlyForDeploymentPostprocessing = 0;
		};
/* End PBXFrameworksBuildPhase section */

/* Begin PBXGroup section */
		290C818B232E23AB002C601C /* Model */ = {
			isa = PBXGroup;
			children = (
				290C8189232E224C002C601C /* Meme.swift */,
			);
			path = Model;
			sourceTree = "<group>";
		};
		294C92C5230578FD0016B02B = {
			isa = PBXGroup;
			children = (
				294C92D0230578FD0016B02B /* MemeMe */,
				294C92CF230578FD0016B02B /* Products */,
			);
			sourceTree = "<group>";
		};
		294C92CF230578FD0016B02B /* Products */ = {
			isa = PBXGroup;
			children = (
				294C92CE230578FD0016B02B /* MemeMe.app */,
			);
			name = Products;
			sourceTree = "<group>";
		};
		294C92D0230578FD0016B02B /* MemeMe */ = {
			isa = PBXGroup;
			children = (
				2963D6DB232E419A00864937 /* View */,
				2963D6DA232E418A00864937 /* Controller */,
				290C818B232E23AB002C601C /* Model */,
				294C92D1230578FD0016B02B /* AppDelegate.swift */,
				294C92D5230578FD0016B02B /* Main.storyboard */,
				29065F55231289DA00F53320 /* Assets.xcassets */,
				294C92DD230578FE0016B02B /* Info.plist */,
			);
			path = MemeMe;
			sourceTree = "<group>";
		};
		2963D6DA232E418A00864937 /* Controller */ = {
			isa = PBXGroup;
			children = (
				294C92D3230578FD0016B02B /* ViewController.swift */,
				290C818C232E24B7002C601C /* MemesOverviewViewController.swift */,
				2963D6DC232E427600864937 /* MemeCollectionViewController.swift */,
				2963D6DE232E429F00864937 /* MemeTableViewController.swift */,
				2963D6E2232E4A6D00864937 /* MemeNavigationViewController.swift */,
				2963D6E62334CF1800864937 /* MemeDetailViewController.swift */,
			);
			path = Controller;
			sourceTree = "<group>";
		};
		2963D6DB232E419A00864937 /* View */ = {
			isa = PBXGroup;
			children = (
				29065F532312351E00F53320 /* MemeTextFieldDelegate.swift */,
				2963D6E0232E45C900864937 /* MemeCollectionViewCell.swift */,
				29AD236B2356AFF000666EC5 /* MemeTableViewCell.swift */,
			);
			path = View;
			sourceTree = "<group>";
		};
/* End PBXGroup section */

/* Begin PBXNativeTarget section */
		294C92CD230578FD0016B02B /* MemeMe */ = {
			isa = PBXNativeTarget;
			buildConfigurationList = 294C92E0230578FE0016B02B /* Build configuration list for PBXNativeTarget "MemeMe" */;
			buildPhases = (
				294C92CA230578FD0016B02B /* Sources */,
				294C92CB230578FD0016B02B /* Frameworks */,
				294C92CC230578FD0016B02B /* Resources */,
			);
			buildRules = (
			);
			dependencies = (
			);
			name = MemeMe;
			productName = MemeMe;
			productReference = 294C92CE230578FD0016B02B /* MemeMe.app */;
			productType = "com.apple.product-type.application";
		};
/* End PBXNativeTarget section */

/* Begin PBXProject section */
		294C92C6230578FD0016B02B /* Project object */ = {
			isa = PBXProject;
			attributes = {
				LastSwiftUpdateCheck = 1020;
				LastUpgradeCheck = 1020;
				ORGANIZATIONNAME = "Nils Riebeling";
				TargetAttributes = {
					294C92CD230578FD0016B02B = {
						CreatedOnToolsVersion = 10.2.1;
					};
				};
			};
			buildConfigurationList = 294C92C9230578FD0016B02B /* Build configuration list for PBXProject "MemeMe" */;
			compatibilityVersion = "Xcode 9.3";
			developmentRegion = en;
			hasScannedForEncodings = 0;
			knownRegions = (
				en,
				Base,
			);
			mainGroup = 294C92C5230578FD0016B02B;
			productRefGroup = 294C92CF230578FD0016B02B /* Products */;
			projectDirPath = "";
			projectRoot = "";
			targets = (
				294C92CD230578FD0016B02B /* MemeMe */,
			);
		};
/* End PBXProject section */

/* Begin PBXResourcesBuildPhase section */
		294C92CC230578FD0016B02B /* Resources */ = {
			isa = PBXResourcesBuildPhase;
			buildActionMask = 2147483647;
			files = (
				29065F56231289DA00F53320 /* Assets.xcassets in Resources */,
				294C92D7230578FD0016B02B /* Main.storyboard in Resources */,
			);
			runOnlyForDeploymentPostprocessing = 0;
		};
/* End PBXResourcesBuildPhase section */

/* Begin PBXSourcesBuildPhase section */
		294C92CA230578FD0016B02B /* Sources */ = {
			isa = PBXSourcesBuildPhase;
			buildActionMask = 2147483647;
			files = (
				29AD236C2356AFF000666EC5 /* MemeTableViewCell.swift in Sources */,
				294C92D4230578FD0016B02B /* ViewController.swift in Sources */,
				2963D6E3232E4A6E00864937 /* MemeNavigationViewController.swift in Sources */,
				2963D6DF232E429F00864937 /* MemeTableViewController.swift in Sources */,
				2963D6E1232E45C900864937 /* MemeCollectionViewCell.swift in Sources */,
				290C818A232E224C002C601C /* Meme.swift in Sources */,
				290C818D232E24B7002C601C /* MemesOverviewViewController.swift in Sources */,
				29065F542312351E00F53320 /* MemeTextFieldDelegate.swift in Sources */,
				2963D6DD232E427600864937 /* MemeCollectionViewController.swift in Sources */,
				294C92D2230578FD0016B02B /* AppDelegate.swift in Sources */,
				2963D6E72334CF1800864937 /* MemeDetailViewController.swift in Sources */,
			);
			runOnlyForDeploymentPostprocessing = 0;
		};
/* End PBXSourcesBuildPhase section */

/* Begin PBXVariantGroup section */
		294C92D5230578FD0016B02B /* Main.storyboard */ = {
			isa = PBXVariantGroup;
			children = (
				294C92D6230578FD0016B02B /* Base */,
			);
			name = Main.storyboard;
			sourceTree = "<group>";
		};
/* End PBXVariantGroup section */

/* Begin XCBuildConfiguration section */
		294C92DE230578FE0016B02B /* Debug */ = {
			isa = XCBuildConfiguration;
			buildSettings = {
				ALWAYS_SEARCH_USER_PATHS = NO;
				CLANG_ANALYZER_NONNULL = YES;
				CLANG_ANALYZER_NUMBER_OBJECT_CONVERSION = YES_AGGRESSIVE;
				CLANG_CXX_LANGUAGE_STANDARD = "gnu++14";
				CLANG_CXX_LIBRARY = "libc++";
				CLANG_ENABLE_MODULES = YES;
				CLANG_ENABLE_OBJC_ARC = YES;
				CLANG_ENABLE_OBJC_WEAK = YES;
				CLANG_WARN_BLOCK_CAPTURE_AUTORELEASING = YES;
				CLANG_WARN_BOOL_CONVERSION = YES;
				CLANG_WARN_COMMA = YES;
				CLANG_WARN_CONSTANT_CONVERSION = YES;
				CLANG_WARN_DEPRECATED_OBJC_IMPLEMENTATIONS = YES;
				CLANG_WARN_DIRECT_OBJC_ISA_USAGE = YES_ERROR;
				CLANG_WARN_DOCUMENTATION_COMMENTS = YES;
				CLANG_WARN_EMPTY_BODY = YES;
				CLANG_WARN_ENUM_CONVERSION = YES;
				CLANG_WARN_INFINITE_RECURSION = YES;
				CLANG_WARN_INT_CONVERSION = YES;
				CLANG_WARN_NON_LITERAL_NULL_CONVERSION = YES;
				CLANG_WARN_OBJC_IMPLICIT_RETAIN_SELF = YES;
				CLANG_WARN_OBJC_LITERAL_CONVERSION = YES;
				CLANG_WARN_OBJC_ROOT_CLASS = YES_ERROR;
				CLANG_WARN_RANGE_LOOP_ANALYSIS = YES;
				CLANG_WARN_STRICT_PROTOTYPES = YES;
				CLANG_WARN_SUSPICIOUS_MOVE = YES;
				CLANG_WARN_UNGUARDED_AVAILABILITY = YES_AGGRESSIVE;
				CLANG_WARN_UNREACHABLE_CODE = YES;
				CLANG_WARN__DUPLICATE_METHOD_MATCH = YES;
				CODE_SIGN_IDENTITY = "iPhone Developer";
				COPY_PHASE_STRIP = NO;
				DEBUG_INFORMATION_FORMAT = dwarf;
				ENABLE_STRICT_OBJC_MSGSEND = YES;
				ENABLE_TESTABILITY = YES;
				GCC_C_LANGUAGE_STANDARD = gnu11;
				GCC_DYNAMIC_NO_PIC = NO;
				GCC_NO_COMMON_BLOCKS = YES;
				GCC_OPTIMIZATION_LEVEL = 0;
				GCC_PREPROCESSOR_DEFINITIONS = (
					"DEBUG=1",
					"$(inherited)",
				);
				GCC_WARN_64_TO_32_BIT_CONVERSION = YES;
				GCC_WARN_ABOUT_RETURN_TYPE = YES_ERROR;
				GCC_WARN_UNDECLARED_SELECTOR = YES;
				GCC_WARN_UNINITIALIZED_AUTOS = YES_AGGRESSIVE;
				GCC_WARN_UNUSED_FUNCTION = YES;
				GCC_WARN_UNUSED_VARIABLE = YES;
				IPHONEOS_DEPLOYMENT_TARGET = 12.2;
				MTL_ENABLE_DEBUG_INFO = INCLUDE_SOURCE;
				MTL_FAST_MATH = YES;
				ONLY_ACTIVE_ARCH = YES;
				SDKROOT = iphoneos;
				SWIFT_ACTIVE_COMPILATION_CONDITIONS = DEBUG;
				SWIFT_OPTIMIZATION_LEVEL = "-Onone";
			};
			name = Debug;
		};
		294C92DF230578FE0016B02B /* Release */ = {
			isa = XCBuildConfiguration;
			buildSettings = {
				ALWAYS_SEARCH_USER_PATHS = NO;
				CLANG_ANALYZER_NONNULL = YES;
				CLANG_ANALYZER_NUMBER_OBJECT_CONVERSION = YES_AGGRESSIVE;
				CLANG_CXX_LANGUAGE_STANDARD = "gnu++14";
				CLANG_CXX_LIBRARY = "libc++";
				CLANG_ENABLE_MODULES = YES;
				CLANG_ENABLE_OBJC_ARC = YES;
				CLANG_ENABLE_OBJC_WEAK = YES;
				CLANG_WARN_BLOCK_CAPTURE_AUTORELEASING = YES;
				CLANG_WARN_BOOL_CONVERSION = YES;
				CLANG_WARN_COMMA = YES;
				CLANG_WARN_CONSTANT_CONVERSION = YES;
				CLANG_WARN_DEPRECATED_OBJC_IMPLEMENTATIONS = YES;
				CLANG_WARN_DIRECT_OBJC_ISA_USAGE = YES_ERROR;
				CLANG_WARN_DOCUMENTATION_COMMENTS = YES;
				CLANG_WARN_EMPTY_BODY = YES;
				CLANG_WARN_ENUM_CONVERSION = YES;
				CLANG_WARN_INFINITE_RECURSION = YES;
				CLANG_WARN_INT_CONVERSION = YES;
				CLANG_WARN_NON_LITERAL_NULL_CONVERSION = YES;
				CLANG_WARN_OBJC_IMPLICIT_RETAIN_SELF = YES;
				CLANG_WARN_OBJC_LITERAL_CONVERSION = YES;
				CLANG_WARN_OBJC_ROOT_CLASS = YES_ERROR;
				CLANG_WARN_RANGE_LOOP_ANALYSIS = YES;
				CLANG_WARN_STRICT_PROTOTYPES = YES;
				CLANG_WARN_SUSPICIOUS_MOVE = YES;
				CLANG_WARN_UNGUARDED_AVAILABILITY = YES_AGGRESSIVE;
				CLANG_WARN_UNREACHABLE_CODE = YES;
				CLANG_WARN__DUPLICATE_METHOD_MATCH = YES;
				CODE_SIGN_IDENTITY = "iPhone Developer";
				COPY_PHASE_STRIP = NO;
				DEBUG_INFORMATION_FORMAT = "dwarf-with-dsym";
				ENABLE_NS_ASSERTIONS = NO;
				ENABLE_STRICT_OBJC_MSGSEND = YES;
				GCC_C_LANGUAGE_STANDARD = gnu11;
				GCC_NO_COMMON_BLOCKS = YES;
				GCC_WARN_64_TO_32_BIT_CONVERSION = YES;
				GCC_WARN_ABOUT_RETURN_TYPE = YES_ERROR;
				GCC_WARN_UNDECLARED_SELECTOR = YES;
				GCC_WARN_UNINITIALIZED_AUTOS = YES_AGGRESSIVE;
				GCC_WARN_UNUSED_FUNCTION = YES;
				GCC_WARN_UNUSED_VARIABLE = YES;
				IPHONEOS_DEPLOYMENT_TARGET = 12.2;
				MTL_ENABLE_DEBUG_INFO = NO;
				MTL_FAST_MATH = YES;
				SDKROOT = iphoneos;
				SWIFT_COMPILATION_MODE = wholemodule;
				SWIFT_OPTIMIZATION_LEVEL = "-O";
				VALIDATE_PRODUCT = YES;
			};
			name = Release;
		};
		294C92E1230578FE0016B02B /* Debug */ = {
			isa = XCBuildConfiguration;
			buildSettings = {
				ASSETCATALOG_COMPILER_APPICON_NAME = AppIcon;
				ASSETCATALOG_COMPILER_LAUNCHIMAGE_NAME = LaunchImage;
				CODE_SIGN_STYLE = Automatic;
				INFOPLIST_FILE = MemeMe/Info.plist;
				LD_RUNPATH_SEARCH_PATHS = (
					"$(inherited)",
					"@executable_path/Frameworks",
				);
				PRODUCT_BUNDLE_IDENTIFIER = com.audi.MemeMe;
				PRODUCT_NAME = "$(TARGET_NAME)";
				SWIFT_VERSION = 5.0;
				TARGETED_DEVICE_FAMILY = "1,2";
			};
			name = Debug;
		};
		294C92E2230578FE0016B02B /* Release */ = {
			isa = XCBuildConfiguration;
			buildSettings = {
				ASSETCATALOG_COMPILER_APPICON_NAME = AppIcon;
				ASSETCATALOG_COMPILER_LAUNCHIMAGE_NAME = LaunchImage;
				CODE_SIGN_STYLE = Automatic;
				INFOPLIST_FILE = MemeMe/Info.plist;
				LD_RUNPATH_SEARCH_PATHS = (
					"$(inherited)",
					"@executable_path/Frameworks",
				);
				PRODUCT_BUNDLE_IDENTIFIER = com.audi.MemeMe;
				PRODUCT_NAME = "$(TARGET_NAME)";
				SWIFT_VERSION = 5.0;
				TARGETED_DEVICE_FAMILY = "1,2";
			};
			name = Release;
		};
/* End XCBuildConfiguration section */

/* Begin XCConfigurationList section */
		294C92C9230578FD0016B02B /* Build configuration list for PBXProject "MemeMe" */ = {
			isa = XCConfigurationList;
			buildConfigurations = (
				294C92DE230578FE0016B02B /* Debug */,
				294C92DF230578FE0016B02B /* Release */,
			);
			defaultConfigurationIsVisible = 0;
			defaultConfigurationName = Release;
		};
		294C92E0230578FE0016B02B /* Build configuration list for PBXNativeTarget "MemeMe" */ = {
			isa = XCConfigurationList;
			buildConfigurations = (
				294C92E1230578FE0016B02B /* Debug */,
				294C92E2230578FE0016B02B /* Release */,
			);
			defaultConfigurationIsVisible = 0;
			defaultConfigurationName = Release;
		};
/* End XCConfigurationList section */
	};
	rootObject = 294C92C6230578FD0016B02B /* Project object */;
}
